
Microsoft Visual Studio Solution File, Format Version 12.00
# Visual Studio Version 17
VisualStudioVersion = 17.13.35931.197 d17.13
MinimumVisualStudioVersion = 10.0.40219.1
Project("{FAE04EC0-301F-11D3-BF4B-00C04F79EFBC}") = "hoho", "hoho\hoho.csproj", "{C480F033-0670-4AD5-97D2-5D9BE5D53098}"
EndProject
Global
	GlobalSection(SolutionConfigurationPlatforms) = preSolution
		Debug|Any CPU = Debug|Any CPU
		Release|Any CPU = Release|Any CPU
	EndGlobalSection
	GlobalSection(ProjectConfigurationPlatforms) = postSolution
		{C480F033-0670-4AD5-97D2-5D9BE5D53098}.Debug|Any CPU.ActiveCfg = Debug|Any CPU
		{C480F033-0670-4AD5-97D2-5D9BE5D53098}.Debug|Any CPU.Build.0 = Debug|Any CPU
		{C480F033-0670-4AD5-97D2-5D9BE5D53098}.Release|Any CPU.ActiveCfg = Release|Any CPU
		{C480F033-0670-4AD5-97D2-5D9BE5D53098}.Release|Any CPU.Build.0 = Release|Any CPU
	EndGlobalSection
	GlobalSection(SolutionProperties) = preSolution
		HideSolutionNode = FALSE
	EndGlobalSection
	GlobalSection(ExtensibilityGlobals) = postSolution
		SolutionGuid = {279C6116-9B55-498D-B9EF-39C722C4A69E}
	EndGlobalSection
EndGlobal
